
Microsoft Visual Studio Solution File, Format Version 12.00
# Visual Studio Version 17
VisualStudioVersion = 17.9.34728.123
MinimumVisualStudioVersion = 10.0.40219.1
Project("{FAE04EC0-301F-11D3-BF4B-00C04F79EFBC}") = "eTeacher", "eTeacher.csproj", "{A269F032-62EC-4494-8B67-B71DE15747D2}"
EndProject
Global
	GlobalSection(SolutionConfigurationPlatforms) = preSolution
		Debug|Any CPU = Debug|Any CPU
		Release|Any CPU = Release|Any CPU
	EndGlobalSection
	GlobalSection(ProjectConfigurationPlatforms) = postSolution
		{A269F032-62EC-4494-8B67-B71DE15747D2}.Debug|Any CPU.ActiveCfg = Debug|Any CPU
		{A269F032-62EC-4494-8B67-B71DE15747D2}.Debug|Any CPU.Build.0 = Debug|Any CPU
		{A269F032-62EC-4494-8B67-B71DE15747D2}.Release|Any CPU.ActiveCfg = Release|Any CPU
		{A269F032-62EC-4494-8B67-B71DE15747D2}.Release|Any CPU.Build.0 = Release|Any CPU
	EndGlobalSection
	GlobalSection(SolutionProperties) = preSolution
		HideSolutionNode = FALSE
	EndGlobalSection
	GlobalSection(ExtensibilityGlobals) = postSolution
		SolutionGuid = {B490B063-C3BF-4441-B0E5-16207D1DA438}
	EndGlobalSection
EndGlobal
